
Microsoft Visual Studio Solution File, Format Version 12.00
# Visual Studio Version 17
VisualStudioVersion = 17.7.34009.444
MinimumVisualStudioVersion = 10.0.40219.1
Project("{FAE04EC0-301F-11D3-BF4B-00C04F79EFBC}") = "Day6", "Day6.csproj", "{F97E15B9-31CF-4493-B2DE-ABF56BE92AAE}"
EndProject
Global
	GlobalSection(SolutionConfigurationPlatforms) = preSolution
		Debug|Any CPU = Debug|Any CPU
		Release|Any CPU = Release|Any CPU
	EndGlobalSection
	GlobalSection(ProjectConfigurationPlatforms) = postSolution
		{F97E15B9-31CF-4493-B2DE-ABF56BE92AAE}.Debug|Any CPU.ActiveCfg = Debug|Any CPU
		{F97E15B9-31CF-4493-B2DE-ABF56BE92AAE}.Debug|Any CPU.Build.0 = Debug|Any CPU
		{F97E15B9-31CF-4493-B2DE-ABF56BE92AAE}.Release|Any CPU.ActiveCfg = Release|Any CPU
		{F97E15B9-31CF-4493-B2DE-ABF56BE92AAE}.Release|Any CPU.Build.0 = Release|Any CPU
	EndGlobalSection
	GlobalSection(SolutionProperties) = preSolution
		HideSolutionNode = FALSE
	EndGlobalSection
	GlobalSection(ExtensibilityGlobals) = postSolution
		SolutionGuid = {1CB1CC96-3A54-40DE-850F-EE403FCC03A7}
	EndGlobalSection
EndGlobal
